# This file is automatically @generated by Cargo.
# It is not intended for manual editing.
version = 3

[[package]]
name = "crate"
version = "0.0.2"
source = "registry+https://github.com/rust-lang/crates.io-index"
checksum = "ba551890c7c7d0917c71ca40559c42156ffffd703c45558114968cecb83bfd97"

[[package]]
name = "practice"
version = "0.1.0"
dependencies = [
 "crate",
]
